// !$*UTF8*$!
{
	archiveVersion = 1;
	classes = {
	};
	objectVersion = 51;
	objects = {

/* Begin PBXBuildFile section */
		6A1EE7E62599188D007E99B8 /* LibraryViewController.swift in Sources */ = {isa = PBXBuildFile; fileRef = 6A1EE7E52599188D007E99B8 /* LibraryViewController.swift */; };
		6A29C40E2595392A00893590 /* AppDelegate.swift in Sources */ = {isa = PBXBuildFile; fileRef = 6A29C40D2595392A00893590 /* AppDelegate.swift */; };
		6A29C4102595392A00893590 /* SceneDelegate.swift in Sources */ = {isa = PBXBuildFile; fileRef = 6A29C40F2595392A00893590 /* SceneDelegate.swift */; };
		6A29C4122595392A00893590 /* StartViewController.swift in Sources */ = {isa = PBXBuildFile; fileRef = 6A29C4112595392A00893590 /* StartViewController.swift */; };
		6A29C4152595392A00893590 /* Main.storyboard in Resources */ = {isa = PBXBuildFile; fileRef = 6A29C4132595392A00893590 /* Main.storyboard */; };
		6A29C4182595392A00893590 /* MP_Mini_Library.xcdatamodeld in Sources */ = {isa = PBXBuildFile; fileRef = 6A29C4162595392A00893590 /* MP_Mini_Library.xcdatamodeld */; };
		6A29C41A2595392C00893590 /* Assets.xcassets in Resources */ = {isa = PBXBuildFile; fileRef = 6A29C4192595392C00893590 /* Assets.xcassets */; };
		6A29C41D2595392C00893590 /* LaunchScreen.storyboard in Resources */ = {isa = PBXBuildFile; fileRef = 6A29C41B2595392C00893590 /* LaunchScreen.storyboard */; };
		6A29C4282595392D00893590 /* MP_Mini_LibraryTests.swift in Sources */ = {isa = PBXBuildFile; fileRef = 6A29C4272595392D00893590 /* MP_Mini_LibraryTests.swift */; };
		6A29C4332595392D00893590 /* MP_Mini_LibraryUITests.swift in Sources */ = {isa = PBXBuildFile; fileRef = 6A29C4322595392D00893590 /* MP_Mini_LibraryUITests.swift */; };
		6A74C45C25971251000BDBE3 /* GoogleService-Info.plist in Resources */ = {isa = PBXBuildFile; fileRef = 6A74C45B25971251000BDBE3 /* GoogleService-Info.plist */; };
		6AA7A4DF25971C6B0075F132 /* LibrariesViewController.swift in Sources */ = {isa = PBXBuildFile; fileRef = 6AA7A4DE25971C6B0075F132 /* LibrariesViewController.swift */; };
		6AB7787D25AC38BD008EC125 /* Books.swift in Sources */ = {isa = PBXBuildFile; fileRef = 6AB7787C25AC38BD008EC125 /* Books.swift */; };
		6AF7474B2597A6C30036DF94 /* Library.swift in Sources */ = {isa = PBXBuildFile; fileRef = 6AF7474A2597A6C30036DF94 /* Library.swift */; };
		6AF747702597B7680036DF94 /* Local Collection.swift in Sources */ = {isa = PBXBuildFile; fileRef = 6AF7476F2597B7680036DF94 /* Local Collection.swift */; };
		B909E73F9EAFCCD0A2A657EA /* Pods_MP_Mini_Library.framework in Frameworks */ = {isa = PBXBuildFile; fileRef = F306D6F9CB48DF8B602FBB24 /* Pods_MP_Mini_Library.framework */; };
		C034407DBDDB0CFD8600C1FF /* Pods_MP_Mini_Library_MP_Mini_LibraryUITests.framework in Frameworks */ = {isa = PBXBuildFile; fileRef = 95DCE9D26D24237D6429A211 /* Pods_MP_Mini_Library_MP_Mini_LibraryUITests.framework */; };
		C576C639261FE1DA0006CCE9 /* Favorites.swift in Sources */ = {isa = PBXBuildFile; fileRef = C576C638261FE1DA0006CCE9 /* Favorites.swift */; };
		D62422C59E8C2699C429C72D /* Pods_MP_Mini_LibraryTests.framework in Frameworks */ = {isa = PBXBuildFile; fileRef = 3EDA704DFFCC9493001E5C97 /* Pods_MP_Mini_LibraryTests.framework */; };
/* End PBXBuildFile section */

/* Begin PBXContainerItemProxy section */
		6A29C4242595392D00893590 /* PBXContainerItemProxy */ = {
			isa = PBXContainerItemProxy;
			containerPortal = 6A29C4022595392A00893590 /* Project object */;
			proxyType = 1;
			remoteGlobalIDString = 6A29C4092595392A00893590;
			remoteInfo = "MP Mini Library";
		};
		6A29C42F2595392D00893590 /* PBXContainerItemProxy */ = {
			isa = PBXContainerItemProxy;
			containerPortal = 6A29C4022595392A00893590 /* Project object */;
			proxyType = 1;
			remoteGlobalIDString = 6A29C4092595392A00893590;
			remoteInfo = "MP Mini Library";
		};
/* End PBXContainerItemProxy section */

/* Begin PBXFileReference section */
		3EDA704DFFCC9493001E5C97 /* Pods_MP_Mini_LibraryTests.framework */ = {isa = PBXFileReference; explicitFileType = wrapper.framework; includeInIndex = 0; path = Pods_MP_Mini_LibraryTests.framework; sourceTree = BUILT_PRODUCTS_DIR; };
		3FF59363FC2D0D6DDB8ADCB7 /* Pods-MP Mini Library.debug.xcconfig */ = {isa = PBXFileReference; includeInIndex = 1; lastKnownFileType = text.xcconfig; name = "Pods-MP Mini Library.debug.xcconfig"; path = "Target Support Files/Pods-MP Mini Library/Pods-MP Mini Library.debug.xcconfig"; sourceTree = "<group>"; };
		46E7C5C497343ADD3336687E /* Pods-MP Mini Library.release.xcconfig */ = {isa = PBXFileReference; includeInIndex = 1; lastKnownFileType = text.xcconfig; name = "Pods-MP Mini Library.release.xcconfig"; path = "Target Support Files/Pods-MP Mini Library/Pods-MP Mini Library.release.xcconfig"; sourceTree = "<group>"; };
		69D2548142BE824CB437D284 /* Pods-MP Mini Library-MP Mini LibraryUITests.release.xcconfig */ = {isa = PBXFileReference; includeInIndex = 1; lastKnownFileType = text.xcconfig; name = "Pods-MP Mini Library-MP Mini LibraryUITests.release.xcconfig"; path = "Target Support Files/Pods-MP Mini Library-MP Mini LibraryUITests/Pods-MP Mini Library-MP Mini LibraryUITests.release.xcconfig"; sourceTree = "<group>"; };
		6A1EE7E52599188D007E99B8 /* LibraryViewController.swift */ = {isa = PBXFileReference; lastKnownFileType = sourcecode.swift; path = LibraryViewController.swift; sourceTree = "<group>"; };
		6A29C40A2595392A00893590 /* MP Mini Library.app */ = {isa = PBXFileReference; explicitFileType = wrapper.application; includeInIndex = 0; path = "MP Mini Library.app"; sourceTree = BUILT_PRODUCTS_DIR; };
		6A29C40D2595392A00893590 /* AppDelegate.swift */ = {isa = PBXFileReference; lastKnownFileType = sourcecode.swift; path = AppDelegate.swift; sourceTree = "<group>"; };
		6A29C40F2595392A00893590 /* SceneDelegate.swift */ = {isa = PBXFileReference; lastKnownFileType = sourcecode.swift; path = SceneDelegate.swift; sourceTree = "<group>"; };
		6A29C4112595392A00893590 /* StartViewController.swift */ = {isa = PBXFileReference; lastKnownFileType = sourcecode.swift; path = StartViewController.swift; sourceTree = "<group>"; };
		6A29C4142595392A00893590 /* Base */ = {isa = PBXFileReference; lastKnownFileType = file.storyboard; name = Base; path = Base.lproj/Main.storyboard; sourceTree = "<group>"; };
		6A29C4172595392A00893590 /* MP_Mini_Library.xcdatamodel */ = {isa = PBXFileReference; lastKnownFileType = wrapper.xcdatamodel; path = MP_Mini_Library.xcdatamodel; sourceTree = "<group>"; };
		6A29C4192595392C00893590 /* Assets.xcassets */ = {isa = PBXFileReference; lastKnownFileType = folder.assetcatalog; path = Assets.xcassets; sourceTree = "<group>"; };
		6A29C41C2595392C00893590 /* Base */ = {isa = PBXFileReference; lastKnownFileType = file.storyboard; name = Base; path = Base.lproj/LaunchScreen.storyboard; sourceTree = "<group>"; };
		6A29C41E2595392C00893590 /* Info.plist */ = {isa = PBXFileReference; lastKnownFileType = text.plist.xml; path = Info.plist; sourceTree = "<group>"; };
		6A29C4232595392C00893590 /* MP Mini LibraryTests.xctest */ = {isa = PBXFileReference; explicitFileType = wrapper.cfbundle; includeInIndex = 0; path = "MP Mini LibraryTests.xctest"; sourceTree = BUILT_PRODUCTS_DIR; };
		6A29C4272595392D00893590 /* MP_Mini_LibraryTests.swift */ = {isa = PBXFileReference; lastKnownFileType = sourcecode.swift; path = MP_Mini_LibraryTests.swift; sourceTree = "<group>"; };
		6A29C4292595392D00893590 /* Info.plist */ = {isa = PBXFileReference; lastKnownFileType = text.plist.xml; path = Info.plist; sourceTree = "<group>"; };
		6A29C42E2595392D00893590 /* MP Mini LibraryUITests.xctest */ = {isa = PBXFileReference; explicitFileType = wrapper.cfbundle; includeInIndex = 0; path = "MP Mini LibraryUITests.xctest"; sourceTree = BUILT_PRODUCTS_DIR; };
		6A29C4322595392D00893590 /* MP_Mini_LibraryUITests.swift */ = {isa = PBXFileReference; lastKnownFileType = sourcecode.swift; path = MP_Mini_LibraryUITests.swift; sourceTree = "<group>"; };
		6A29C4342595392D00893590 /* Info.plist */ = {isa = PBXFileReference; lastKnownFileType = text.plist.xml; path = Info.plist; sourceTree = "<group>"; };
		6A74C45B25971251000BDBE3 /* GoogleService-Info.plist */ = {isa = PBXFileReference; fileEncoding = 4; lastKnownFileType = text.plist.xml; path = "GoogleService-Info.plist"; sourceTree = "<group>"; };
		6AA7A4DE25971C6B0075F132 /* LibrariesViewController.swift */ = {isa = PBXFileReference; lastKnownFileType = sourcecode.swift; path = LibrariesViewController.swift; sourceTree = "<group>"; };
		6AB7787C25AC38BD008EC125 /* Books.swift */ = {isa = PBXFileReference; lastKnownFileType = sourcecode.swift; path = Books.swift; sourceTree = "<group>"; };
		6AF7474A2597A6C30036DF94 /* Library.swift */ = {isa = PBXFileReference; lastKnownFileType = sourcecode.swift; path = Library.swift; sourceTree = "<group>"; };
		6AF7476F2597B7680036DF94 /* Local Collection.swift */ = {isa = PBXFileReference; lastKnownFileType = sourcecode.swift; path = "Local Collection.swift"; sourceTree = "<group>"; };
		8C872FBBB217292CD8FC0021 /* Pods-MP Mini Library-MP Mini LibraryUITests.debug.xcconfig */ = {isa = PBXFileReference; includeInIndex = 1; lastKnownFileType = text.xcconfig; name = "Pods-MP Mini Library-MP Mini LibraryUITests.debug.xcconfig"; path = "Target Support Files/Pods-MP Mini Library-MP Mini LibraryUITests/Pods-MP Mini Library-MP Mini LibraryUITests.debug.xcconfig"; sourceTree = "<group>"; };
		95DCE9D26D24237D6429A211 /* Pods_MP_Mini_Library_MP_Mini_LibraryUITests.framework */ = {isa = PBXFileReference; explicitFileType = wrapper.framework; includeInIndex = 0; path = Pods_MP_Mini_Library_MP_Mini_LibraryUITests.framework; sourceTree = BUILT_PRODUCTS_DIR; };
		B0694119930BD33F29C9BADB /* Pods-MP Mini LibraryTests.release.xcconfig */ = {isa = PBXFileReference; includeInIndex = 1; lastKnownFileType = text.xcconfig; name = "Pods-MP Mini LibraryTests.release.xcconfig"; path = "Target Support Files/Pods-MP Mini LibraryTests/Pods-MP Mini LibraryTests.release.xcconfig"; sourceTree = "<group>"; };
		B76F93B462CDBE6F8F04C1C6 /* Pods-MP Mini LibraryTests.debug.xcconfig */ = {isa = PBXFileReference; includeInIndex = 1; lastKnownFileType = text.xcconfig; name = "Pods-MP Mini LibraryTests.debug.xcconfig"; path = "Target Support Files/Pods-MP Mini LibraryTests/Pods-MP Mini LibraryTests.debug.xcconfig"; sourceTree = "<group>"; };
		C576C638261FE1DA0006CCE9 /* Favorites.swift */ = {isa = PBXFileReference; lastKnownFileType = sourcecode.swift; path = Favorites.swift; sourceTree = "<group>"; };
		F306D6F9CB48DF8B602FBB24 /* Pods_MP_Mini_Library.framework */ = {isa = PBXFileReference; explicitFileType = wrapper.framework; includeInIndex = 0; path = Pods_MP_Mini_Library.framework; sourceTree = BUILT_PRODUCTS_DIR; };
/* End PBXFileReference section */

/* Begin PBXFrameworksBuildPhase section */
		6A29C4072595392A00893590 /* Frameworks */ = {
			isa = PBXFrameworksBuildPhase;
			buildActionMask = 2147483647;
			files = (
				B909E73F9EAFCCD0A2A657EA /* Pods_MP_Mini_Library.framework in Frameworks */,
			);
			runOnlyForDeploymentPostprocessing = 0;
		};
		6A29C4202595392C00893590 /* Frameworks */ = {
			isa = PBXFrameworksBuildPhase;
			buildActionMask = 2147483647;
			files = (
				D62422C59E8C2699C429C72D /* Pods_MP_Mini_LibraryTests.framework in Frameworks */,
			);
			runOnlyForDeploymentPostprocessing = 0;
		};
		6A29C42B2595392D00893590 /* Frameworks */ = {
			isa = PBXFrameworksBuildPhase;
			buildActionMask = 2147483647;
			files = (
				C034407DBDDB0CFD8600C1FF /* Pods_MP_Mini_Library_MP_Mini_LibraryUITests.framework in Frameworks */,
			);
			runOnlyForDeploymentPostprocessing = 0;
		};
/* End PBXFrameworksBuildPhase section */

/* Begin PBXGroup section */
		6A29C4012595392A00893590 = {
			isa = PBXGroup;
			children = (
				6A29C40C2595392A00893590 /* MP Mini Library */,
				6A29C4262595392D00893590 /* MP Mini LibraryTests */,
				6A29C4312595392D00893590 /* MP Mini LibraryUITests */,
				6A29C40B2595392A00893590 /* Products */,
				DDF14210DF954268280A7EDB /* Pods */,
				A74A24BB20B2BEA1D0259751 /* Frameworks */,
			);
			indentWidth = 5;
			sourceTree = "<group>";
			tabWidth = 5;
		};
		6A29C40B2595392A00893590 /* Products */ = {
			isa = PBXGroup;
			children = (
				6A29C40A2595392A00893590 /* MP Mini Library.app */,
				6A29C4232595392C00893590 /* MP Mini LibraryTests.xctest */,
				6A29C42E2595392D00893590 /* MP Mini LibraryUITests.xctest */,
			);
			name = Products;
			sourceTree = "<group>";
		};
		6A29C40C2595392A00893590 /* MP Mini Library */ = {
			isa = PBXGroup;
			children = (
				6A29C40D2595392A00893590 /* AppDelegate.swift */,
				6A29C40F2595392A00893590 /* SceneDelegate.swift */,
				6A29C4112595392A00893590 /* StartViewController.swift */,
				6AA7A4DE25971C6B0075F132 /* LibrariesViewController.swift */,
				C576C638261FE1DA0006CCE9 /* Favorites.swift */,
				6A1EE7E52599188D007E99B8 /* LibraryViewController.swift */,
				6AF7474A2597A6C30036DF94 /* Library.swift */,
				6AB7787C25AC38BD008EC125 /* Books.swift */,
				6A29C4132595392A00893590 /* Main.storyboard */,
				6A29C4192595392C00893590 /* Assets.xcassets */,
				6A29C41B2595392C00893590 /* LaunchScreen.storyboard */,
				6AF7476F2597B7680036DF94 /* Local Collection.swift */,
				6A29C41E2595392C00893590 /* Info.plist */,
				6A74C45B25971251000BDBE3 /* GoogleService-Info.plist */,
				6A29C4162595392A00893590 /* MP_Mini_Library.xcdatamodeld */,
			);
			path = "MP Mini Library";
			sourceTree = "<group>";
		};
		6A29C4262595392D00893590 /* MP Mini LibraryTests */ = {
			isa = PBXGroup;
			children = (
				6A29C4272595392D00893590 /* MP_Mini_LibraryTests.swift */,
				6A29C4292595392D00893590 /* Info.plist */,
			);
			path = "MP Mini LibraryTests";
			sourceTree = "<group>";
		};
		6A29C4312595392D00893590 /* MP Mini LibraryUITests */ = {
			isa = PBXGroup;
			children = (
				6A29C4322595392D00893590 /* MP_Mini_LibraryUITests.swift */,
				6A29C4342595392D00893590 /* Info.plist */,
			);
			path = "MP Mini LibraryUITests";
			sourceTree = "<group>";
		};
		A74A24BB20B2BEA1D0259751 /* Frameworks */ = {
			isa = PBXGroup;
			children = (
				F306D6F9CB48DF8B602FBB24 /* Pods_MP_Mini_Library.framework */,
				95DCE9D26D24237D6429A211 /* Pods_MP_Mini_Library_MP_Mini_LibraryUITests.framework */,
				3EDA704DFFCC9493001E5C97 /* Pods_MP_Mini_LibraryTests.framework */,
			);
			name = Frameworks;
			sourceTree = "<group>";
		};
		DDF14210DF954268280A7EDB /* Pods */ = {
			isa = PBXGroup;
			children = (
				3FF59363FC2D0D6DDB8ADCB7 /* Pods-MP Mini Library.debug.xcconfig */,
				46E7C5C497343ADD3336687E /* Pods-MP Mini Library.release.xcconfig */,
				8C872FBBB217292CD8FC0021 /* Pods-MP Mini Library-MP Mini LibraryUITests.debug.xcconfig */,
				69D2548142BE824CB437D284 /* Pods-MP Mini Library-MP Mini LibraryUITests.release.xcconfig */,
				B76F93B462CDBE6F8F04C1C6 /* Pods-MP Mini LibraryTests.debug.xcconfig */,
				B0694119930BD33F29C9BADB /* Pods-MP Mini LibraryTests.release.xcconfig */,
			);
			path = Pods;
			sourceTree = "<group>";
		};
/* End PBXGroup section */

/* Begin PBXNativeTarget section */
		6A29C4092595392A00893590 /* MP Mini Library */ = {
			isa = PBXNativeTarget;
			buildConfigurationList = 6A29C4372595392D00893590 /* Build configuration list for PBXNativeTarget "MP Mini Library" */;
			buildPhases = (
				0E62511390953E76A592C47C /* [CP] Check Pods Manifest.lock */,
				6A29C4062595392A00893590 /* Sources */,
				6A29C4072595392A00893590 /* Frameworks */,
				6A29C4082595392A00893590 /* Resources */,
				6BC58032BC50932C6A0E5E16 /* [CP] Embed Pods Frameworks */,
			);
			buildRules = (
			);
			dependencies = (
			);
			name = "MP Mini Library";
			productName = "MP Mini Library";
			productReference = 6A29C40A2595392A00893590 /* MP Mini Library.app */;
			productType = "com.apple.product-type.application";
		};
		6A29C4222595392C00893590 /* MP Mini LibraryTests */ = {
			isa = PBXNativeTarget;
			buildConfigurationList = 6A29C43A2595392D00893590 /* Build configuration list for PBXNativeTarget "MP Mini LibraryTests" */;
			buildPhases = (
				C86CEA120E44BFDAADBC6489 /* [CP] Check Pods Manifest.lock */,
				6A29C41F2595392C00893590 /* Sources */,
				6A29C4202595392C00893590 /* Frameworks */,
				6A29C4212595392C00893590 /* Resources */,
			);
			buildRules = (
			);
			dependencies = (
				6A29C4252595392D00893590 /* PBXTargetDependency */,
			);
			name = "MP Mini LibraryTests";
			productName = "MP Mini LibraryTests";
			productReference = 6A29C4232595392C00893590 /* MP Mini LibraryTests.xctest */;
			productType = "com.apple.product-type.bundle.unit-test";
		};
		6A29C42D2595392D00893590 /* MP Mini LibraryUITests */ = {
			isa = PBXNativeTarget;
			buildConfigurationList = 6A29C43D2595392D00893590 /* Build configuration list for PBXNativeTarget "MP Mini LibraryUITests" */;
			buildPhases = (
				84C3B17E82E869271CE866E3 /* [CP] Check Pods Manifest.lock */,
				6A29C42A2595392D00893590 /* Sources */,
				6A29C42B2595392D00893590 /* Frameworks */,
				6A29C42C2595392D00893590 /* Resources */,
				8A3720FA344703387E34F262 /* [CP] Embed Pods Frameworks */,
			);
			buildRules = (
			);
			dependencies = (
				6A29C4302595392D00893590 /* PBXTargetDependency */,
			);
			name = "MP Mini LibraryUITests";
			productName = "MP Mini LibraryUITests";
			productReference = 6A29C42E2595392D00893590 /* MP Mini LibraryUITests.xctest */;
			productType = "com.apple.product-type.bundle.ui-testing";
		};
/* End PBXNativeTarget section */

/* Begin PBXProject section */
		6A29C4022595392A00893590 /* Project object */ = {
			isa = PBXProject;
			attributes = {
				LastSwiftUpdateCheck = 1220;
				LastUpgradeCheck = 1220;
				TargetAttributes = {
					6A29C4092595392A00893590 = {
						CreatedOnToolsVersion = 12.2;
					};
					6A29C4222595392C00893590 = {
						CreatedOnToolsVersion = 12.2;
						TestTargetID = 6A29C4092595392A00893590;
					};
					6A29C42D2595392D00893590 = {
						CreatedOnToolsVersion = 12.2;
						TestTargetID = 6A29C4092595392A00893590;
					};
				};
			};
			buildConfigurationList = 6A29C4052595392A00893590 /* Build configuration list for PBXProject "MP Mini Library" */;
			compatibilityVersion = "Xcode 9.3";
			developmentRegion = en;
			hasScannedForEncodings = 0;
			knownRegions = (
				en,
				Base,
			);
			mainGroup = 6A29C4012595392A00893590;
			productRefGroup = 6A29C40B2595392A00893590 /* Products */;
			projectDirPath = "";
			projectRoot = "";
			targets = (
				6A29C4092595392A00893590 /* MP Mini Library */,
				6A29C4222595392C00893590 /* MP Mini LibraryTests */,
				6A29C42D2595392D00893590 /* MP Mini LibraryUITests */,
			);
		};
/* End PBXProject section */

/* Begin PBXResourcesBuildPhase section */
		6A29C4082595392A00893590 /* Resources */ = {
			isa = PBXResourcesBuildPhase;
			buildActionMask = 2147483647;
			files = (
				6A29C41D2595392C00893590 /* LaunchScreen.storyboard in Resources */,
				6A74C45C25971251000BDBE3 /* GoogleService-Info.plist in Resources */,
				6A29C41A2595392C00893590 /* Assets.xcassets in Resources */,
				6A29C4152595392A00893590 /* Main.storyboard in Resources */,
			);
			runOnlyForDeploymentPostprocessing = 0;
		};
		6A29C4212595392C00893590 /* Resources */ = {
			isa = PBXResourcesBuildPhase;
			buildActionMask = 2147483647;
			files = (
			);
			runOnlyForDeploymentPostprocessing = 0;
		};
		6A29C42C2595392D00893590 /* Resources */ = {
			isa = PBXResourcesBuildPhase;
			buildActionMask = 2147483647;
			files = (
			);
			runOnlyForDeploymentPostprocessing = 0;
		};
/* End PBXResourcesBuildPhase section */

/* Begin PBXShellScriptBuildPhase section */
		0E62511390953E76A592C47C /* [CP] Check Pods Manifest.lock */ = {
			isa = PBXShellScriptBuildPhase;
			buildActionMask = 2147483647;
			files = (
			);
			inputFileListPaths = (
			);
			inputPaths = (
				"${PODS_PODFILE_DIR_PATH}/Podfile.lock",
				"${PODS_ROOT}/Manifest.lock",
			);
			name = "[CP] Check Pods Manifest.lock";
			outputFileListPaths = (
			);
			outputPaths = (
				"$(DERIVED_FILE_DIR)/Pods-MP Mini Library-checkManifestLockResult.txt",
			);
			runOnlyForDeploymentPostprocessing = 0;
			shellPath = /bin/sh;
			shellScript = "diff \"${PODS_PODFILE_DIR_PATH}/Podfile.lock\" \"${PODS_ROOT}/Manifest.lock\" > /dev/null\nif [ $? != 0 ] ; then\n    # print error to STDERR\n    echo \"error: The sandbox is not in sync with the Podfile.lock. Run 'pod install' or update your CocoaPods installation.\" >&2\n    exit 1\nfi\n# This output is used by Xcode 'outputs' to avoid re-running this script phase.\necho \"SUCCESS\" > \"${SCRIPT_OUTPUT_FILE_0}\"\n";
			showEnvVarsInLog = 0;
		};
		6BC58032BC50932C6A0E5E16 /* [CP] Embed Pods Frameworks */ = {
			isa = PBXShellScriptBuildPhase;
			buildActionMask = 2147483647;
			files = (
			);
			inputFileListPaths = (
				"${PODS_ROOT}/Target Support Files/Pods-MP Mini Library/Pods-MP Mini Library-frameworks-${CONFIGURATION}-input-files.xcfilelist",
			);
			name = "[CP] Embed Pods Frameworks";
			outputFileListPaths = (
				"${PODS_ROOT}/Target Support Files/Pods-MP Mini Library/Pods-MP Mini Library-frameworks-${CONFIGURATION}-output-files.xcfilelist",
			);
			runOnlyForDeploymentPostprocessing = 0;
			shellPath = /bin/sh;
			shellScript = "\"${PODS_ROOT}/Target Support Files/Pods-MP Mini Library/Pods-MP Mini Library-frameworks.sh\"\n";
			showEnvVarsInLog = 0;
		};
		84C3B17E82E869271CE866E3 /* [CP] Check Pods Manifest.lock */ = {
			isa = PBXShellScriptBuildPhase;
			buildActionMask = 2147483647;
			files = (
			);
			inputFileListPaths = (
			);
			inputPaths = (
				"${PODS_PODFILE_DIR_PATH}/Podfile.lock",
				"${PODS_ROOT}/Manifest.lock",
			);
			name = "[CP] Check Pods Manifest.lock";
			outputFileListPaths = (
			);
			outputPaths = (
				"$(DERIVED_FILE_DIR)/Pods-MP Mini Library-MP Mini LibraryUITests-checkManifestLockResult.txt",
			);
			runOnlyForDeploymentPostprocessing = 0;
			shellPath = /bin/sh;
			shellScript = "diff \"${PODS_PODFILE_DIR_PATH}/Podfile.lock\" \"${PODS_ROOT}/Manifest.lock\" > /dev/null\nif [ $? != 0 ] ; then\n    # print error to STDERR\n    echo \"error: The sandbox is not in sync with the Podfile.lock. Run 'pod install' or update your CocoaPods installation.\" >&2\n    exit 1\nfi\n# This output is used by Xcode 'outputs' to avoid re-running this script phase.\necho \"SUCCESS\" > \"${SCRIPT_OUTPUT_FILE_0}\"\n";
			showEnvVarsInLog = 0;
		};
		8A3720FA344703387E34F262 /* [CP] Embed Pods Frameworks */ = {
			isa = PBXShellScriptBuildPhase;
			buildActionMask = 2147483647;
			files = (
			);
			inputFileListPaths = (
				"${PODS_ROOT}/Target Support Files/Pods-MP Mini Library-MP Mini LibraryUITests/Pods-MP Mini Library-MP Mini LibraryUITests-frameworks-${CONFIGURATION}-input-files.xcfilelist",
			);
			name = "[CP] Embed Pods Frameworks";
			outputFileListPaths = (
				"${PODS_ROOT}/Target Support Files/Pods-MP Mini Library-MP Mini LibraryUITests/Pods-MP Mini Library-MP Mini LibraryUITests-frameworks-${CONFIGURATION}-output-files.xcfilelist",
			);
			runOnlyForDeploymentPostprocessing = 0;
			shellPath = /bin/sh;
			shellScript = "\"${PODS_ROOT}/Target Support Files/Pods-MP Mini Library-MP Mini LibraryUITests/Pods-MP Mini Library-MP Mini LibraryUITests-frameworks.sh\"\n";
			showEnvVarsInLog = 0;
		};
		C86CEA120E44BFDAADBC6489 /* [CP] Check Pods Manifest.lock */ = {
			isa = PBXShellScriptBuildPhase;
			buildActionMask = 2147483647;
			files = (
			);
			inputFileListPaths = (
			);
			inputPaths = (
				"${PODS_PODFILE_DIR_PATH}/Podfile.lock",
				"${PODS_ROOT}/Manifest.lock",
			);
			name = "[CP] Check Pods Manifest.lock";
			outputFileListPaths = (
			);
			outputPaths = (
				"$(DERIVED_FILE_DIR)/Pods-MP Mini LibraryTests-checkManifestLockResult.txt",
			);
			runOnlyForDeploymentPostprocessing = 0;
			shellPath = /bin/sh;
			shellScript = "diff \"${PODS_PODFILE_DIR_PATH}/Podfile.lock\" \"${PODS_ROOT}/Manifest.lock\" > /dev/null\nif [ $? != 0 ] ; then\n    # print error to STDERR\n    echo \"error: The sandbox is not in sync with the Podfile.lock. Run 'pod install' or update your CocoaPods installation.\" >&2\n    exit 1\nfi\n# This output is used by Xcode 'outputs' to avoid re-running this script phase.\necho \"SUCCESS\" > \"${SCRIPT_OUTPUT_FILE_0}\"\n";
			showEnvVarsInLog = 0;
		};
/* End PBXShellScriptBuildPhase section */

/* Begin PBXSourcesBuildPhase section */
		6A29C4062595392A00893590 /* Sources */ = {
			isa = PBXSourcesBuildPhase;
			buildActionMask = 2147483647;
			files = (
				6A29C4122595392A00893590 /* StartViewController.swift in Sources */,
				6AA7A4DF25971C6B0075F132 /* LibrariesViewController.swift in Sources */,
				6A1EE7E62599188D007E99B8 /* LibraryViewController.swift in Sources */,
				C576C639261FE1DA0006CCE9 /* Favorites.swift in Sources */,
				6A29C4182595392A00893590 /* MP_Mini_Library.xcdatamodeld in Sources */,
				6AF747702597B7680036DF94 /* Local Collection.swift in Sources */,
				6A29C40E2595392A00893590 /* AppDelegate.swift in Sources */,
				6AB7787D25AC38BD008EC125 /* Books.swift in Sources */,
				6A29C4102595392A00893590 /* SceneDelegate.swift in Sources */,
				6AF7474B2597A6C30036DF94 /* Library.swift in Sources */,
			);
			runOnlyForDeploymentPostprocessing = 0;
		};
		6A29C41F2595392C00893590 /* Sources */ = {
			isa = PBXSourcesBuildPhase;
			buildActionMask = 2147483647;
			files = (
				6A29C4282595392D00893590 /* MP_Mini_LibraryTests.swift in Sources */,
			);
			runOnlyForDeploymentPostprocessing = 0;
		};
		6A29C42A2595392D00893590 /* Sources */ = {
			isa = PBXSourcesBuildPhase;
			buildActionMask = 2147483647;
			files = (
				6A29C4332595392D00893590 /* MP_Mini_LibraryUITests.swift in Sources */,
			);
			runOnlyForDeploymentPostprocessing = 0;
		};
/* End PBXSourcesBuildPhase section */

/* Begin PBXTargetDependency section */
		6A29C4252595392D00893590 /* PBXTargetDependency */ = {
			isa = PBXTargetDependency;
			target = 6A29C4092595392A00893590 /* MP Mini Library */;
			targetProxy = 6A29C4242595392D00893590 /* PBXContainerItemProxy */;
		};
		6A29C4302595392D00893590 /* PBXTargetDependency */ = {
			isa = PBXTargetDependency;
			target = 6A29C4092595392A00893590 /* MP Mini Library */;
			targetProxy = 6A29C42F2595392D00893590 /* PBXContainerItemProxy */;
		};
/* End PBXTargetDependency section */

/* Begin PBXVariantGroup section */
		6A29C4132595392A00893590 /* Main.storyboard */ = {
			isa = PBXVariantGroup;
			children = (
				6A29C4142595392A00893590 /* Base */,
			);
			name = Main.storyboard;
			sourceTree = "<group>";
		};
		6A29C41B2595392C00893590 /* LaunchScreen.storyboard */ = {
			isa = PBXVariantGroup;
			children = (
				6A29C41C2595392C00893590 /* Base */,
			);
			name = LaunchScreen.storyboard;
			sourceTree = "<group>";
		};
/* End PBXVariantGroup section */

/* Begin XCBuildConfiguration section */
		6A29C4352595392D00893590 /* Debug */ = {
			isa = XCBuildConfiguration;
			buildSettings = {
				ALWAYS_SEARCH_USER_PATHS = NO;
				CLANG_ANALYZER_NONNULL = YES;
				CLANG_ANALYZER_NUMBER_OBJECT_CONVERSION = YES_AGGRESSIVE;
				CLANG_CXX_LANGUAGE_STANDARD = "gnu++14";
				CLANG_CXX_LIBRARY = "libc++";
				CLANG_ENABLE_MODULES = YES;
				CLANG_ENABLE_OBJC_ARC = YES;
				CLANG_ENABLE_OBJC_WEAK = YES;
				CLANG_WARN_BLOCK_CAPTURE_AUTORELEASING = YES;
				CLANG_WARN_BOOL_CONVERSION = YES;
				CLANG_WARN_COMMA = YES;
				CLANG_WARN_CONSTANT_CONVERSION = YES;
				CLANG_WARN_DEPRECATED_OBJC_IMPLEMENTATIONS = YES;
				CLANG_WARN_DIRECT_OBJC_ISA_USAGE = YES_ERROR;
				CLANG_WARN_DOCUMENTATION_COMMENTS = YES;
				CLANG_WARN_EMPTY_BODY = YES;
				CLANG_WARN_ENUM_CONVERSION = YES;
				CLANG_WARN_INFINITE_RECURSION = YES;
				CLANG_WARN_INT_CONVERSION = YES;
				CLANG_WARN_NON_LITERAL_NULL_CONVERSION = YES;
				CLANG_WARN_OBJC_IMPLICIT_RETAIN_SELF = YES;
				CLANG_WARN_OBJC_LITERAL_CONVERSION = YES;
				CLANG_WARN_OBJC_ROOT_CLASS = YES_ERROR;
				CLANG_WARN_QUOTED_INCLUDE_IN_FRAMEWORK_HEADER = YES;
				CLANG_WARN_RANGE_LOOP_ANALYSIS = YES;
				CLANG_WARN_STRICT_PROTOTYPES = YES;
				CLANG_WARN_SUSPICIOUS_MOVE = YES;
				CLANG_WARN_UNGUARDED_AVAILABILITY = YES_AGGRESSIVE;
				CLANG_WARN_UNREACHABLE_CODE = YES;
				CLANG_WARN__DUPLICATE_METHOD_MATCH = YES;
				COPY_PHASE_STRIP = NO;
				DEBUG_INFORMATION_FORMAT = dwarf;
				ENABLE_STRICT_OBJC_MSGSEND = YES;
				ENABLE_TESTABILITY = YES;
				GCC_C_LANGUAGE_STANDARD = gnu11;
				GCC_DYNAMIC_NO_PIC = NO;
				GCC_NO_COMMON_BLOCKS = YES;
				GCC_OPTIMIZATION_LEVEL = 0;
				GCC_PREPROCESSOR_DEFINITIONS = (
					"DEBUG=1",
					"$(inherited)",
				);
				GCC_WARN_64_TO_32_BIT_CONVERSION = YES;
				GCC_WARN_ABOUT_RETURN_TYPE = YES_ERROR;
				GCC_WARN_UNDECLARED_SELECTOR = YES;
				GCC_WARN_UNINITIALIZED_AUTOS = YES_AGGRESSIVE;
				GCC_WARN_UNUSED_FUNCTION = YES;
				GCC_WARN_UNUSED_VARIABLE = YES;
				IPHONEOS_DEPLOYMENT_TARGET = 14.2;
				MTL_ENABLE_DEBUG_INFO = INCLUDE_SOURCE;
				MTL_FAST_MATH = YES;
				ONLY_ACTIVE_ARCH = YES;
				SDKROOT = iphoneos;
				SWIFT_ACTIVE_COMPILATION_CONDITIONS = DEBUG;
				SWIFT_OPTIMIZATION_LEVEL = "-Onone";
			};
			name = Debug;
		};
		6A29C4362595392D00893590 /* Release */ = {
			isa = XCBuildConfiguration;
			buildSettings = {
				ALWAYS_SEARCH_USER_PATHS = NO;
				CLANG_ANALYZER_NONNULL = YES;
				CLANG_ANALYZER_NUMBER_OBJECT_CONVERSION = YES_AGGRESSIVE;
				CLANG_CXX_LANGUAGE_STANDARD = "gnu++14";
				CLANG_CXX_LIBRARY = "libc++";
				CLANG_ENABLE_MODULES = YES;
				CLANG_ENABLE_OBJC_ARC = YES;
				CLANG_ENABLE_OBJC_WEAK = YES;
				CLANG_WARN_BLOCK_CAPTURE_AUTORELEASING = YES;
				CLANG_WARN_BOOL_CONVERSION = YES;
				CLANG_WARN_COMMA = YES;
				CLANG_WARN_CONSTANT_CONVERSION = YES;
				CLANG_WARN_DEPRECATED_OBJC_IMPLEMENTATIONS = YES;
				CLANG_WARN_DIRECT_OBJC_ISA_USAGE = YES_ERROR;
				CLANG_WARN_DOCUMENTATION_COMMENTS = YES;
				CLANG_WARN_EMPTY_BODY = YES;
				CLANG_WARN_ENUM_CONVERSION = YES;
				CLANG_WARN_INFINITE_RECURSION = YES;
				CLANG_WARN_INT_CONVERSION = YES;
				CLANG_WARN_NON_LITERAL_NULL_CONVERSION = YES;
				CLANG_WARN_OBJC_IMPLICIT_RETAIN_SELF = YES;
				CLANG_WARN_OBJC_LITERAL_CONVERSION = YES;
				CLANG_WARN_OBJC_ROOT_CLASS = YES_ERROR;
				CLANG_WARN_QUOTED_INCLUDE_IN_FRAMEWORK_HEADER = YES;
				CLANG_WARN_RANGE_LOOP_ANALYSIS = YES;
				CLANG_WARN_STRICT_PROTOTYPES = YES;
				CLANG_WARN_SUSPICIOUS_MOVE = YES;
				CLANG_WARN_UNGUARDED_AVAILABILITY = YES_AGGRESSIVE;
				CLANG_WARN_UNREACHABLE_CODE = YES;
				CLANG_WARN__DUPLICATE_METHOD_MATCH = YES;
				COPY_PHASE_STRIP = NO;
				DEBUG_INFORMATION_FORMAT = "dwarf-with-dsym";
				ENABLE_NS_ASSERTIONS = NO;
				ENABLE_STRICT_OBJC_MSGSEND = YES;
				GCC_C_LANGUAGE_STANDARD = gnu11;
				GCC_NO_COMMON_BLOCKS = YES;
				GCC_WARN_64_TO_32_BIT_CONVERSION = YES;
				GCC_WARN_ABOUT_RETURN_TYPE = YES_ERROR;
				GCC_WARN_UNDECLARED_SELECTOR = YES;
				GCC_WARN_UNINITIALIZED_AUTOS = YES_AGGRESSIVE;
				GCC_WARN_UNUSED_FUNCTION = YES;
				GCC_WARN_UNUSED_VARIABLE = YES;
				IPHONEOS_DEPLOYMENT_TARGET = 14.2;
				MTL_ENABLE_DEBUG_INFO = NO;
				MTL_FAST_MATH = YES;
				SDKROOT = iphoneos;
				SWIFT_COMPILATION_MODE = wholemodule;
				SWIFT_OPTIMIZATION_LEVEL = "-O";
				VALIDATE_PRODUCT = YES;
			};
			name = Release;
		};
		6A29C4382595392D00893590 /* Debug */ = {
			isa = XCBuildConfiguration;
			baseConfigurationReference = 3FF59363FC2D0D6DDB8ADCB7 /* Pods-MP Mini Library.debug.xcconfig */;
			buildSettings = {
				ASSETCATALOG_COMPILER_APPICON_NAME = AppIcon;
				ASSETCATALOG_COMPILER_GLOBAL_ACCENT_COLOR_NAME = AccentColor;
				CODE_SIGN_STYLE = Automatic;
				DEVELOPMENT_TEAM = 98TSZCM79N;
				INFOPLIST_FILE = "MP Mini Library/Info.plist";
				IPHONEOS_DEPLOYMENT_TARGET = 13.0;
				LD_RUNPATH_SEARCH_PATHS = (
					"$(inherited)",
					"@executable_path/Frameworks",
				);
				PRODUCT_BUNDLE_IDENTIFIER = "App-Industries-Inc.MP-Mini-Library";
				PRODUCT_NAME = "$(TARGET_NAME)";
				SWIFT_VERSION = 5.0;
				TARGETED_DEVICE_FAMILY = 1;
			};
			name = Debug;
		};
		6A29C4392595392D00893590 /* Release */ = {
			isa = XCBuildConfiguration;
			baseConfigurationReference = 46E7C5C497343ADD3336687E /* Pods-MP Mini Library.release.xcconfig */;
			buildSettings = {
				ASSETCATALOG_COMPILER_APPICON_NAME = AppIcon;
				ASSETCATALOG_COMPILER_GLOBAL_ACCENT_COLOR_NAME = AccentColor;
				CODE_SIGN_STYLE = Automatic;
				DEVELOPMENT_TEAM = 98TSZCM79N;
				INFOPLIST_FILE = "MP Mini Library/Info.plist";
				IPHONEOS_DEPLOYMENT_TARGET = 13.0;
				LD_RUNPATH_SEARCH_PATHS = (
					"$(inherited)",
					"@executable_path/Frameworks",
				);
				PRODUCT_BUNDLE_IDENTIFIER = "App-Industries-Inc.MP-Mini-Library";
				PRODUCT_NAME = "$(TARGET_NAME)";
				SWIFT_VERSION = 5.0;
				TARGETED_DEVICE_FAMILY = 1;
			};
			name = Release;
		};
		6A29C43B2595392D00893590 /* Debug */ = {
			isa = XCBuildConfiguration;
			baseConfigurationReference = B76F93B462CDBE6F8F04C1C6 /* Pods-MP Mini LibraryTests.debug.xcconfig */;
			buildSettings = {
				ALWAYS_EMBED_SWIFT_STANDARD_LIBRARIES = YES;
				BUNDLE_LOADER = "$(TEST_HOST)";
				CODE_SIGN_STYLE = Automatic;
				DEVELOPMENT_TEAM = 98TSZCM79N;
				INFOPLIST_FILE = "MP Mini LibraryTests/Info.plist";
				IPHONEOS_DEPLOYMENT_TARGET = 14.2;
				LD_RUNPATH_SEARCH_PATHS = (
					"$(inherited)",
					"@executable_path/Frameworks",
					"@loader_path/Frameworks",
				);
				PRODUCT_BUNDLE_IDENTIFIER = "App-Industries-Inc.MP-Mini-LibraryTests";
				PRODUCT_NAME = "$(TARGET_NAME)";
				SWIFT_VERSION = 5.0;
				TARGETED_DEVICE_FAMILY = "1,2";
				TEST_HOST = "$(BUILT_PRODUCTS_DIR)/MP Mini Library.app/MP Mini Library";
			};
			name = Debug;
		};
		6A29C43C2595392D00893590 /* Release */ = {
			isa = XCBuildConfiguration;
			baseConfigurationReference = B0694119930BD33F29C9BADB /* Pods-MP Mini LibraryTests.release.xcconfig */;
			buildSettings = {
				ALWAYS_EMBED_SWIFT_STANDARD_LIBRARIES = YES;
				BUNDLE_LOADER = "$(TEST_HOST)";
				CODE_SIGN_STYLE = Automatic;
				DEVELOPMENT_TEAM = 98TSZCM79N;
				INFOPLIST_FILE = "MP Mini LibraryTests/Info.plist";
				IPHONEOS_DEPLOYMENT_TARGET = 14.2;
				LD_RUNPATH_SEARCH_PATHS = (
					"$(inherited)",
					"@executable_path/Frameworks",
					"@loader_path/Frameworks",
				);
				PRODUCT_BUNDLE_IDENTIFIER = "App-Industries-Inc.MP-Mini-LibraryTests";
				PRODUCT_NAME = "$(TARGET_NAME)";
				SWIFT_VERSION = 5.0;
				TARGETED_DEVICE_FAMILY = "1,2";
				TEST_HOST = "$(BUILT_PRODUCTS_DIR)/MP Mini Library.app/MP Mini Library";
			};
			name = Release;
		};
		6A29C43E2595392D00893590 /* Debug */ = {
			isa = XCBuildConfiguration;
			baseConfigurationReference = 8C872FBBB217292CD8FC0021 /* Pods-MP Mini Library-MP Mini LibraryUITests.debug.xcconfig */;
			buildSettings = {
				ALWAYS_EMBED_SWIFT_STANDARD_LIBRARIES = YES;
				CODE_SIGN_STYLE = Automatic;
				DEVELOPMENT_TEAM = 98TSZCM79N;
				INFOPLIST_FILE = "MP Mini LibraryUITests/Info.plist";
				LD_RUNPATH_SEARCH_PATHS = (
					"$(inherited)",
					"@executable_path/Frameworks",
					"@loader_path/Frameworks",
				);
				PRODUCT_BUNDLE_IDENTIFIER = "App-Industries-Inc.MP-Mini-LibraryUITests";
				PRODUCT_NAME = "$(TARGET_NAME)";
				SWIFT_VERSION = 5.0;
				TARGETED_DEVICE_FAMILY = "1,2";
				TEST_TARGET_NAME = "MP Mini Library";
			};
			name = Debug;
		};
		6A29C43F2595392D00893590 /* Release */ = {
			isa = XCBuildConfiguration;
			baseConfigurationReference = 69D2548142BE824CB437D284 /* Pods-MP Mini Library-MP Mini LibraryUITests.release.xcconfig */;
			buildSettings = {
				ALWAYS_EMBED_SWIFT_STANDARD_LIBRARIES = YES;
				CODE_SIGN_STYLE = Automatic;
				DEVELOPMENT_TEAM = 98TSZCM79N;
				INFOPLIST_FILE = "MP Mini LibraryUITests/Info.plist";
				LD_RUNPATH_SEARCH_PATHS = (
					"$(inherited)",
					"@executable_path/Frameworks",
					"@loader_path/Frameworks",
				);
				PRODUCT_BUNDLE_IDENTIFIER = "App-Industries-Inc.MP-Mini-LibraryUITests";
				PRODUCT_NAME = "$(TARGET_NAME)";
				SWIFT_VERSION = 5.0;
				TARGETED_DEVICE_FAMILY = "1,2";
				TEST_TARGET_NAME = "MP Mini Library";
			};
			name = Release;
		};
/* End XCBuildConfiguration section */

/* Begin XCConfigurationList section */
		6A29C4052595392A00893590 /* Build configuration list for PBXProject "MP Mini Library" */ = {
			isa = XCConfigurationList;
			buildConfigurations = (
				6A29C4352595392D00893590 /* Debug */,
				6A29C4362595392D00893590 /* Release */,
			);
			defaultConfigurationIsVisible = 0;
			defaultConfigurationName = Release;
		};
		6A29C4372595392D00893590 /* Build configuration list for PBXNativeTarget "MP Mini Library" */ = {
			isa = XCConfigurationList;
			buildConfigurations = (
				6A29C4382595392D00893590 /* Debug */,
				6A29C4392595392D00893590 /* Release */,
			);
			defaultConfigurationIsVisible = 0;
			defaultConfigurationName = Release;
		};
		6A29C43A2595392D00893590 /* Build configuration list for PBXNativeTarget "MP Mini LibraryTests" */ = {
			isa = XCConfigurationList;
			buildConfigurations = (
				6A29C43B2595392D00893590 /* Debug */,
				6A29C43C2595392D00893590 /* Release */,
			);
			defaultConfigurationIsVisible = 0;
			defaultConfigurationName = Release;
		};
		6A29C43D2595392D00893590 /* Build configuration list for PBXNativeTarget "MP Mini LibraryUITests" */ = {
			isa = XCConfigurationList;
			buildConfigurations = (
				6A29C43E2595392D00893590 /* Debug */,
				6A29C43F2595392D00893590 /* Release */,
			);
			defaultConfigurationIsVisible = 0;
			defaultConfigurationName = Release;
		};
/* End XCConfigurationList section */

/* Begin XCVersionGroup section */
		6A29C4162595392A00893590 /* MP_Mini_Library.xcdatamodeld */ = {
			isa = XCVersionGroup;
			children = (
				6A29C4172595392A00893590 /* MP_Mini_Library.xcdatamodel */,
			);
			currentVersion = 6A29C4172595392A00893590 /* MP_Mini_Library.xcdatamodel */;
			path = MP_Mini_Library.xcdatamodeld;
			sourceTree = "<group>";
			versionGroupType = wrapper.xcdatamodel;
		};
/* End XCVersionGroup section */
	};
	rootObject = 6A29C4022595392A00893590 /* Project object */;
}
